{
    "doctrine/event-manager": {
        "version": "v1.0.0"
    },
    "doctrine/persistence": {
        "version": "v1.1.0"
    },
    "doctrine/reflection": {
        "version": "v1.0.0"
    },
    "symfony/console": {
        "version": "3.3",
        "recipe": {
            "repo": "github.com/symfony/recipes",
            "branch": "master",
            "version": "3.3",
            "ref": "c646e4b71af082e94b5014daca36ef6812bad076"
        }
    },
    "symfony/contracts": {
        "version": "v1.0.2"
    },
    "symfony/polyfill-ctype": {
        "version": "v1.10.0"
    },
    "symfony/var-exporter": {
        "version": "v4.2.1"
    }
}
